// !$*UTF8*$!
{
	archiveVersion = 1;
	classes = {
	};
	objectVersion = 50;
	objects = {

/* Begin PBXBuildFile section */
		769B1DC025BA4F8600595FA3 /* BC_COVID_19_IOSApp.swift in Sources */ = {isa = PBXBuildFile; fileRef = 769B1DAD25BA4F8400595FA3 /* BC_COVID_19_IOSApp.swift */; };
		769B1DC125BA4F8600595FA3 /* BC_COVID_19_IOSApp.swift in Sources */ = {isa = PBXBuildFile; fileRef = 769B1DAD25BA4F8400595FA3 /* BC_COVID_19_IOSApp.swift */; };
		769B1DC225BA4F8600595FA3 /* ContentView.swift in Sources */ = {isa = PBXBuildFile; fileRef = 769B1DAE25BA4F8400595FA3 /* ContentView.swift */; };
		769B1DC325BA4F8600595FA3 /* ContentView.swift in Sources */ = {isa = PBXBuildFile; fileRef = 769B1DAE25BA4F8400595FA3 /* ContentView.swift */; };
		769B1DC425BA4F8600595FA3 /* Assets.xcassets in Resources */ = {isa = PBXBuildFile; fileRef = 769B1DAF25BA4F8600595FA3 /* Assets.xcassets */; };
		769B1DC525BA4F8600595FA3 /* Assets.xcassets in Resources */ = {isa = PBXBuildFile; fileRef = 769B1DAF25BA4F8600595FA3 /* Assets.xcassets */; };
/* End PBXBuildFile section */

/* Begin PBXFileReference section */
		769B1DAD25BA4F8400595FA3 /* BC_COVID_19_IOSApp.swift */ = {isa = PBXFileReference; lastKnownFileType = sourcecode.swift; path = BC_COVID_19_IOSApp.swift; sourceTree = "<group>"; };
		769B1DAE25BA4F8400595FA3 /* ContentView.swift */ = {isa = PBXFileReference; lastKnownFileType = sourcecode.swift; path = ContentView.swift; sourceTree = "<group>"; };
		769B1DAF25BA4F8600595FA3 /* Assets.xcassets */ = {isa = PBXFileReference; lastKnownFileType = folder.assetcatalog; path = Assets.xcassets; sourceTree = "<group>"; };
		769B1DB425BA4F8600595FA3 /* BC_COVID_19_IOS.app */ = {isa = PBXFileReference; explicitFileType = wrapper.application; includeInIndex = 0; path = BC_COVID_19_IOS.app; sourceTree = BUILT_PRODUCTS_DIR; };
		769B1DB725BA4F8600595FA3 /* Info.plist */ = {isa = PBXFileReference; lastKnownFileType = text.plist.xml; path = Info.plist; sourceTree = "<group>"; };
		769B1DBC25BA4F8600595FA3 /* BC_COVID_19_IOS.app */ = {isa = PBXFileReference; explicitFileType = wrapper.application; includeInIndex = 0; path = BC_COVID_19_IOS.app; sourceTree = BUILT_PRODUCTS_DIR; };
		769B1DBE25BA4F8600595FA3 /* Info.plist */ = {isa = PBXFileReference; lastKnownFileType = text.plist.xml; path = Info.plist; sourceTree = "<group>"; };
		769B1DBF25BA4F8600595FA3 /* macOS.entitlements */ = {isa = PBXFileReference; lastKnownFileType = text.plist.entitlements; path = macOS.entitlements; sourceTree = "<group>"; };
/* End PBXFileReference section */

/* Begin PBXFrameworksBuildPhase section */
		769B1DB125BA4F8600595FA3 /* Frameworks */ = {
			isa = PBXFrameworksBuildPhase;
			buildActionMask = 2147483647;
			files = (
			);
			runOnlyForDeploymentPostprocessing = 0;
		};
		769B1DB925BA4F8600595FA3 /* Frameworks */ = {
			isa = PBXFrameworksBuildPhase;
			buildActionMask = 2147483647;
			files = (
			);
			runOnlyForDeploymentPostprocessing = 0;
		};
/* End PBXFrameworksBuildPhase section */

/* Begin PBXGroup section */
		769B1DA725BA4F8400595FA3 = {
			isa = PBXGroup;
			children = (
				769B1DAC25BA4F8400595FA3 /* Shared */,
				769B1DB625BA4F8600595FA3 /* iOS */,
				769B1DBD25BA4F8600595FA3 /* macOS */,
				769B1DB525BA4F8600595FA3 /* Products */,
			);
			sourceTree = "<group>";
		};
		769B1DAC25BA4F8400595FA3 /* Shared */ = {
			isa = PBXGroup;
			children = (
				769B1DAD25BA4F8400595FA3 /* BC_COVID_19_IOSApp.swift */,
				769B1DAE25BA4F8400595FA3 /* ContentView.swift */,
				769B1DAF25BA4F8600595FA3 /* Assets.xcassets */,
			);
			path = Shared;
			sourceTree = "<group>";
		};
		769B1DB525BA4F8600595FA3 /* Products */ = {
			isa = PBXGroup;
			children = (
				769B1DB425BA4F8600595FA3 /* BC_COVID_19_IOS.app */,
				769B1DBC25BA4F8600595FA3 /* BC_COVID_19_IOS.app */,
			);
			name = Products;
			sourceTree = "<group>";
		};
		769B1DB625BA4F8600595FA3 /* iOS */ = {
			isa = PBXGroup;
			children = (
				769B1DB725BA4F8600595FA3 /* Info.plist */,
			);
			path = iOS;
			sourceTree = "<group>";
		};
		769B1DBD25BA4F8600595FA3 /* macOS */ = {
			isa = PBXGroup;
			children = (
				769B1DBE25BA4F8600595FA3 /* Info.plist */,
				769B1DBF25BA4F8600595FA3 /* macOS.entitlements */,
			);
			path = macOS;
			sourceTree = "<group>";
		};
/* End PBXGroup section */

/* Begin PBXNativeTarget section */
		769B1DB325BA4F8600595FA3 /* BC_COVID_19_IOS (iOS) */ = {
			isa = PBXNativeTarget;
			buildConfigurationList = 769B1DC825BA4F8600595FA3 /* Build configuration list for PBXNativeTarget "BC_COVID_19_IOS (iOS)" */;
			buildPhases = (
				769B1DB025BA4F8600595FA3 /* Sources */,
				769B1DB125BA4F8600595FA3 /* Frameworks */,
				769B1DB225BA4F8600595FA3 /* Resources */,
			);
			buildRules = (
			);
			dependencies = (
			);
			name = "BC_COVID_19_IOS (iOS)";
			productName = "BC_COVID_19_IOS (iOS)";
			productReference = 769B1DB425BA4F8600595FA3 /* BC_COVID_19_IOS.app */;
			productType = "com.apple.product-type.application";
		};
		769B1DBB25BA4F8600595FA3 /* BC_COVID_19_IOS (macOS) */ = {
			isa = PBXNativeTarget;
			buildConfigurationList = 769B1DCB25BA4F8600595FA3 /* Build configuration list for PBXNativeTarget "BC_COVID_19_IOS (macOS)" */;
			buildPhases = (
				769B1DB825BA4F8600595FA3 /* Sources */,
				769B1DB925BA4F8600595FA3 /* Frameworks */,
				769B1DBA25BA4F8600595FA3 /* Resources */,
			);
			buildRules = (
			);
			dependencies = (
			);
			name = "BC_COVID_19_IOS (macOS)";
			productName = "BC_COVID_19_IOS (macOS)";
			productReference = 769B1DBC25BA4F8600595FA3 /* BC_COVID_19_IOS.app */;
			productType = "com.apple.product-type.application";
		};
/* End PBXNativeTarget section */

/* Begin PBXProject section */
		769B1DA825BA4F8400595FA3 /* Project object */ = {
			isa = PBXProject;
			attributes = {
				LastSwiftUpdateCheck = 1230;
				LastUpgradeCheck = 1230;
				TargetAttributes = {
					769B1DB325BA4F8600595FA3 = {
						CreatedOnToolsVersion = 12.3;
					};
					769B1DBB25BA4F8600595FA3 = {
						CreatedOnToolsVersion = 12.3;
					};
				};
			};
			buildConfigurationList = 769B1DAB25BA4F8400595FA3 /* Build configuration list for PBXProject "BC_COVID_19_IOS" */;
			compatibilityVersion = "Xcode 9.3";
			developmentRegion = en;
			hasScannedForEncodings = 0;
			knownRegions = (
				en,
				Base,
			);
			mainGroup = 769B1DA725BA4F8400595FA3;
			productRefGroup = 769B1DB525BA4F8600595FA3 /* Products */;
			projectDirPath = "";
			projectRoot = "";
			targets = (
				769B1DB325BA4F8600595FA3 /* BC_COVID_19_IOS (iOS) */,
				769B1DBB25BA4F8600595FA3 /* BC_COVID_19_IOS (macOS) */,
			);
		};
/* End PBXProject section */

/* Begin PBXResourcesBuildPhase section */
		769B1DB225BA4F8600595FA3 /* Resources */ = {
			isa = PBXResourcesBuildPhase;
			buildActionMask = 2147483647;
			files = (
				769B1DC425BA4F8600595FA3 /* Assets.xcassets in Resources */,
			);
			runOnlyForDeploymentPostprocessing = 0;
		};
		769B1DBA25BA4F8600595FA3 /* Resources */ = {
			isa = PBXResourcesBuildPhase;
			buildActionMask = 2147483647;
			files = (
				769B1DC525BA4F8600595FA3 /* Assets.xcassets in Resources */,
			);
			runOnlyForDeploymentPostprocessing = 0;
		};
/* End PBXResourcesBuildPhase section */

/* Begin PBXSourcesBuildPhase section */
		769B1DB025BA4F8600595FA3 /* Sources */ = {
			isa = PBXSourcesBuildPhase;
			buildActionMask = 2147483647;
			files = (
				769B1DC225BA4F8600595FA3 /* ContentView.swift in Sources */,
				769B1DC025BA4F8600595FA3 /* BC_COVID_19_IOSApp.swift in Sources */,
			);
			runOnlyForDeploymentPostprocessing = 0;
		};
		769B1DB825BA4F8600595FA3 /* Sources */ = {
			isa = PBXSourcesBuildPhase;
			buildActionMask = 2147483647;
			files = (
				769B1DC325BA4F8600595FA3 /* ContentView.swift in Sources */,
				769B1DC125BA4F8600595FA3 /* BC_COVID_19_IOSApp.swift in Sources */,
			);
			runOnlyForDeploymentPostprocessing = 0;
		};
/* End PBXSourcesBuildPhase section */

/* Begin XCBuildConfiguration section */
		769B1DC625BA4F8600595FA3 /* Debug */ = {
			isa = XCBuildConfiguration;
			buildSettings = {
				ALWAYS_SEARCH_USER_PATHS = NO;
				CLANG_ANALYZER_NONNULL = YES;
				CLANG_ANALYZER_NUMBER_OBJECT_CONVERSION = YES_AGGRESSIVE;
				CLANG_CXX_LANGUAGE_STANDARD = "gnu++14";
				CLANG_CXX_LIBRARY = "libc++";
				CLANG_ENABLE_MODULES = YES;
				CLANG_ENABLE_OBJC_ARC = YES;
				CLANG_ENABLE_OBJC_WEAK = YES;
				CLANG_WARN_BLOCK_CAPTURE_AUTORELEASING = YES;
				CLANG_WARN_BOOL_CONVERSION = YES;
				CLANG_WARN_COMMA = YES;
				CLANG_WARN_CONSTANT_CONVERSION = YES;
				CLANG_WARN_DEPRECATED_OBJC_IMPLEMENTATIONS = YES;
				CLANG_WARN_DIRECT_OBJC_ISA_USAGE = YES_ERROR;
				CLANG_WARN_DOCUMENTATION_COMMENTS = YES;
				CLANG_WARN_EMPTY_BODY = YES;
				CLANG_WARN_ENUM_CONVERSION = YES;
				CLANG_WARN_INFINITE_RECURSION = YES;
				CLANG_WARN_INT_CONVERSION = YES;
				CLANG_WARN_NON_LITERAL_NULL_CONVERSION = YES;
				CLANG_WARN_OBJC_IMPLICIT_RETAIN_SELF = YES;
				CLANG_WARN_OBJC_LITERAL_CONVERSION = YES;
				CLANG_WARN_OBJC_ROOT_CLASS = YES_ERROR;
				CLANG_WARN_QUOTED_INCLUDE_IN_FRAMEWORK_HEADER = YES;
				CLANG_WARN_RANGE_LOOP_ANALYSIS = YES;
				CLANG_WARN_STRICT_PROTOTYPES = YES;
				CLANG_WARN_SUSPICIOUS_MOVE = YES;
				CLANG_WARN_UNGUARDED_AVAILABILITY = YES_AGGRESSIVE;
				CLANG_WARN_UNREACHABLE_CODE = YES;
				CLANG_WARN__DUPLICATE_METHOD_MATCH = YES;
				COPY_PHASE_STRIP = NO;
				DEBUG_INFORMATION_FORMAT = dwarf;
				ENABLE_STRICT_OBJC_MSGSEND = YES;
				ENABLE_TESTABILITY = YES;
				GCC_C_LANGUAGE_STANDARD = gnu11;
				GCC_DYNAMIC_NO_PIC = NO;
				GCC_NO_COMMON_BLOCKS = YES;
				GCC_OPTIMIZATION_LEVEL = 0;
				GCC_PREPROCESSOR_DEFINITIONS = (
					"DEBUG=1",
					"$(inherited)",
				);
				GCC_WARN_64_TO_32_BIT_CONVERSION = YES;
				GCC_WARN_ABOUT_RETURN_TYPE = YES_ERROR;
				GCC_WARN_UNDECLARED_SELECTOR = YES;
				GCC_WARN_UNINITIALIZED_AUTOS = YES_AGGRESSIVE;
				GCC_WARN_UNUSED_FUNCTION = YES;
				GCC_WARN_UNUSED_VARIABLE = YES;
				MTL_ENABLE_DEBUG_INFO = INCLUDE_SOURCE;
				MTL_FAST_MATH = YES;
				ONLY_ACTIVE_ARCH = YES;
				SWIFT_ACTIVE_COMPILATION_CONDITIONS = DEBUG;
				SWIFT_OPTIMIZATION_LEVEL = "-Onone";
			};
			name = Debug;
		};
		769B1DC725BA4F8600595FA3 /* Release */ = {
			isa = XCBuildConfiguration;
			buildSettings = {
				ALWAYS_SEARCH_USER_PATHS = NO;
				CLANG_ANALYZER_NONNULL = YES;
				CLANG_ANALYZER_NUMBER_OBJECT_CONVERSION = YES_AGGRESSIVE;
				CLANG_CXX_LANGUAGE_STANDARD = "gnu++14";
				CLANG_CXX_LIBRARY = "libc++";
				CLANG_ENABLE_MODULES = YES;
				CLANG_ENABLE_OBJC_ARC = YES;
				CLANG_ENABLE_OBJC_WEAK = YES;
				CLANG_WARN_BLOCK_CAPTURE_AUTORELEASING = YES;
				CLANG_WARN_BOOL_CONVERSION = YES;
				CLANG_WARN_COMMA = YES;
				CLANG_WARN_CONSTANT_CONVERSION = YES;
				CLANG_WARN_DEPRECATED_OBJC_IMPLEMENTATIONS = YES;
				CLANG_WARN_DIRECT_OBJC_ISA_USAGE = YES_ERROR;
				CLANG_WARN_DOCUMENTATION_COMMENTS = YES;
				CLANG_WARN_EMPTY_BODY = YES;
				CLANG_WARN_ENUM_CONVERSION = YES;
				CLANG_WARN_INFINITE_RECURSION = YES;
				CLANG_WARN_INT_CONVERSION = YES;
				CLANG_WARN_NON_LITERAL_NULL_CONVERSION = YES;
				CLANG_WARN_OBJC_IMPLICIT_RETAIN_SELF = YES;
				CLANG_WARN_OBJC_LITERAL_CONVERSION = YES;
				CLANG_WARN_OBJC_ROOT_CLASS = YES_ERROR;
				CLANG_WARN_QUOTED_INCLUDE_IN_FRAMEWORK_HEADER = YES;
				CLANG_WARN_RANGE_LOOP_ANALYSIS = YES;
				CLANG_WARN_STRICT_PROTOTYPES = YES;
				CLANG_WARN_SUSPICIOUS_MOVE = YES;
				CLANG_WARN_UNGUARDED_AVAILABILITY = YES_AGGRESSIVE;
				CLANG_WARN_UNREACHABLE_CODE = YES;
				CLANG_WARN__DUPLICATE_METHOD_MATCH = YES;
				COPY_PHASE_STRIP = NO;
				DEBUG_INFORMATION_FORMAT = "dwarf-with-dsym";
				ENABLE_NS_ASSERTIONS = NO;
				ENABLE_STRICT_OBJC_MSGSEND = YES;
				GCC_C_LANGUAGE_STANDARD = gnu11;
				GCC_NO_COMMON_BLOCKS = YES;
				GCC_WARN_64_TO_32_BIT_CONVERSION = YES;
				GCC_WARN_ABOUT_RETURN_TYPE = YES_ERROR;
				GCC_WARN_UNDECLARED_SELECTOR = YES;
				GCC_WARN_UNINITIALIZED_AUTOS = YES_AGGRESSIVE;
				GCC_WARN_UNUSED_FUNCTION = YES;
				GCC_WARN_UNUSED_VARIABLE = YES;
				MTL_ENABLE_DEBUG_INFO = NO;
				MTL_FAST_MATH = YES;
				SWIFT_COMPILATION_MODE = wholemodule;
				SWIFT_OPTIMIZATION_LEVEL = "-O";
			};
			name = Release;
		};
		769B1DC925BA4F8600595FA3 /* Debug */ = {
			isa = XCBuildConfiguration;
			buildSettings = {
				ASSETCATALOG_COMPILER_APPICON_NAME = AppIcon;
				ASSETCATALOG_COMPILER_GLOBAL_ACCENT_COLOR_NAME = AccentColor;
				CODE_SIGN_STYLE = Automatic;
				DEVELOPMENT_TEAM = 2EWZNQ6V4C;
				ENABLE_PREVIEWS = YES;
				INFOPLIST_FILE = iOS/Info.plist;
				IPHONEOS_DEPLOYMENT_TARGET = 14.0;
				LD_RUNPATH_SEARCH_PATHS = (
					"$(inherited)",
					"@executable_path/Frameworks",
				);
				PRODUCT_BUNDLE_IDENTIFIER = "ca.jphart.BC-COVID-19-IOS";
				PRODUCT_NAME = BC_COVID_19_IOS;
				SDKROOT = iphoneos;
				SWIFT_VERSION = 5.0;
				TARGETED_DEVICE_FAMILY = "1,2";
			};
			name = Debug;
		};
		769B1DCA25BA4F8600595FA3 /* Release */ = {
			isa = XCBuildConfiguration;
			buildSettings = {
				ASSETCATALOG_COMPILER_APPICON_NAME = AppIcon;
				ASSETCATALOG_COMPILER_GLOBAL_ACCENT_COLOR_NAME = AccentColor;
				CODE_SIGN_STYLE = Automatic;
				DEVELOPMENT_TEAM = 2EWZNQ6V4C;
				ENABLE_PREVIEWS = YES;
				INFOPLIST_FILE = iOS/Info.plist;
				IPHONEOS_DEPLOYMENT_TARGET = 14.0;
				LD_RUNPATH_SEARCH_PATHS = (
					"$(inherited)",
					"@executable_path/Frameworks",
				);
				PRODUCT_BUNDLE_IDENTIFIER = "ca.jphart.BC-COVID-19-IOS";
				PRODUCT_NAME = BC_COVID_19_IOS;
				SDKROOT = iphoneos;
				SWIFT_VERSION = 5.0;
				TARGETED_DEVICE_FAMILY = "1,2";
				VALIDATE_PRODUCT = YES;
			};
			name = Release;
		};
		769B1DCC25BA4F8600595FA3 /* Debug */ = {
			isa = XCBuildConfiguration;
			buildSettings = {
				ASSETCATALOG_COMPILER_APPICON_NAME = AppIcon;
				ASSETCATALOG_COMPILER_GLOBAL_ACCENT_COLOR_NAME = AccentColor;
				CODE_SIGN_ENTITLEMENTS = macOS/macOS.entitlements;
				CODE_SIGN_STYLE = Automatic;
				COMBINE_HIDPI_IMAGES = YES;
				DEVELOPMENT_TEAM = 2EWZNQ6V4C;
				ENABLE_HARDENED_RUNTIME = YES;
				ENABLE_PREVIEWS = YES;
				INFOPLIST_FILE = macOS/Info.plist;
				LD_RUNPATH_SEARCH_PATHS = (
					"$(inherited)",
					"@executable_path/../Frameworks",
				);
				MACOSX_DEPLOYMENT_TARGET = 11.0;
				PRODUCT_BUNDLE_IDENTIFIER = "ca.jphart.BC-COVID-19-IOS";
				PRODUCT_NAME = BC_COVID_19_IOS;
				SDKROOT = macosx;
				SWIFT_VERSION = 5.0;
			};
			name = Debug;
		};
		769B1DCD25BA4F8600595FA3 /* Release */ = {
			isa = XCBuildConfiguration;
			buildSettings = {
				ASSETCATALOG_COMPILER_APPICON_NAME = AppIcon;
				ASSETCATALOG_COMPILER_GLOBAL_ACCENT_COLOR_NAME = AccentColor;
				CODE_SIGN_ENTITLEMENTS = macOS/macOS.entitlements;
				CODE_SIGN_STYLE = Automatic;
				COMBINE_HIDPI_IMAGES = YES;
				DEVELOPMENT_TEAM = 2EWZNQ6V4C;
				ENABLE_HARDENED_RUNTIME = YES;
				ENABLE_PREVIEWS = YES;
				INFOPLIST_FILE = macOS/Info.plist;
				LD_RUNPATH_SEARCH_PATHS = (
					"$(inherited)",
					"@executable_path/../Frameworks",
				);
				MACOSX_DEPLOYMENT_TARGET = 11.0;
				PRODUCT_BUNDLE_IDENTIFIER = "ca.jphart.BC-COVID-19-IOS";
				PRODUCT_NAME = BC_COVID_19_IOS;
				SDKROOT = macosx;
				SWIFT_VERSION = 5.0;
			};
			name = Release;
		};
/* End XCBuildConfiguration section */

/* Begin XCConfigurationList section */
		769B1DAB25BA4F8400595FA3 /* Build configuration list for PBXProject "BC_COVID_19_IOS" */ = {
			isa = XCConfigurationList;
			buildConfigurations = (
				769B1DC625BA4F8600595FA3 /* Debug */,
				769B1DC725BA4F8600595FA3 /* Release */,
			);
			defaultConfigurationIsVisible = 0;
			defaultConfigurationName = Release;
		};
		769B1DC825BA4F8600595FA3 /* Build configuration list for PBXNativeTarget "BC_COVID_19_IOS (iOS)" */ = {
			isa = XCConfigurationList;
			buildConfigurations = (
				769B1DC925BA4F8600595FA3 /* Debug */,
				769B1DCA25BA4F8600595FA3 /* Release */,
			);
			defaultConfigurationIsVisible = 0;
			defaultConfigurationName = Release;
		};
		769B1DCB25BA4F8600595FA3 /* Build configuration list for PBXNativeTarget "BC_COVID_19_IOS (macOS)" */ = {
			isa = XCConfigurationList;
			buildConfigurations = (
				769B1DCC25BA4F8600595FA3 /* Debug */,
				769B1DCD25BA4F8600595FA3 /* Release */,
			);
			defaultConfigurationIsVisible = 0;
			defaultConfigurationName = Release;
		};
/* End XCConfigurationList section */
	};
	rootObject = 769B1DA825BA4F8400595FA3 /* Project object */;
}
